
Microsoft Visual Studio Solution File, Format Version 12.00
# Visual Studio Version 16
VisualStudioVersion = 16.0.31005.135
MinimumVisualStudioVersion = 10.0.40219.1
Project("{FAE04EC0-301F-11D3-BF4B-00C04F79EFBC}") = "55.MetodosClasesAbstractas", "55.MetodosClasesAbstractas\55.MetodosClasesAbstractas.csproj", "{6C7EF3DB-3723-40E4-B124-C9C4239F9167}"
EndProject
Global
	GlobalSection(SolutionConfigurationPlatforms) = preSolution
		Debug|Any CPU = Debug|Any CPU
		Release|Any CPU = Release|Any CPU
	EndGlobalSection
	GlobalSection(ProjectConfigurationPlatforms) = postSolution
		{6C7EF3DB-3723-40E4-B124-C9C4239F9167}.Debug|Any CPU.ActiveCfg = Debug|Any CPU
		{6C7EF3DB-3723-40E4-B124-C9C4239F9167}.Debug|Any CPU.Build.0 = Debug|Any CPU
		{6C7EF3DB-3723-40E4-B124-C9C4239F9167}.Release|Any CPU.ActiveCfg = Release|Any CPU
		{6C7EF3DB-3723-40E4-B124-C9C4239F9167}.Release|Any CPU.Build.0 = Release|Any CPU
	EndGlobalSection
	GlobalSection(SolutionProperties) = preSolution
		HideSolutionNode = FALSE
	EndGlobalSection
	GlobalSection(ExtensibilityGlobals) = postSolution
		SolutionGuid = {C02DE771-46DD-44DD-B8DE-85B9801720FB}
	EndGlobalSection
EndGlobal
