
Microsoft Visual Studio Solution File, Format Version 12.00
# Visual Studio Version 16
VisualStudioVersion = 16.0.30717.126
MinimumVisualStudioVersion = 10.0.40219.1
Project("{FAE04EC0-301F-11D3-BF4B-00C04F79EFBC}") = "27.Arrays", "27.Arrays\27.Arrays.csproj", "{5BBC2A35-2089-4E58-AED2-BF3A19E49379}"
EndProject
Global
	GlobalSection(SolutionConfigurationPlatforms) = preSolution
		Debug|Any CPU = Debug|Any CPU
		Release|Any CPU = Release|Any CPU
	EndGlobalSection
	GlobalSection(ProjectConfigurationPlatforms) = postSolution
		{5BBC2A35-2089-4E58-AED2-BF3A19E49379}.Debug|Any CPU.ActiveCfg = Debug|Any CPU
		{5BBC2A35-2089-4E58-AED2-BF3A19E49379}.Debug|Any CPU.Build.0 = Debug|Any CPU
		{5BBC2A35-2089-4E58-AED2-BF3A19E49379}.Release|Any CPU.ActiveCfg = Release|Any CPU
		{5BBC2A35-2089-4E58-AED2-BF3A19E49379}.Release|Any CPU.Build.0 = Release|Any CPU
	EndGlobalSection
	GlobalSection(SolutionProperties) = preSolution
		HideSolutionNode = FALSE
	EndGlobalSection
	GlobalSection(ExtensibilityGlobals) = postSolution
		SolutionGuid = {BD543407-84F2-4F31-A970-2E034BBB67E9}
	EndGlobalSection
EndGlobal
