
Microsoft Visual Studio Solution File, Format Version 12.00
# Visual Studio Version 16
VisualStudioVersion = 16.0.31205.134
MinimumVisualStudioVersion = 10.0.40219.1
Project("{FAE04EC0-301F-11D3-BF4B-00C04F79EFBC}") = "65.Directorios2", "65.Directorios2\65.Directorios2.csproj", "{1FA0E5F0-3F7C-4711-99C8-61F9E90AB77F}"
EndProject
Global
	GlobalSection(SolutionConfigurationPlatforms) = preSolution
		Debug|Any CPU = Debug|Any CPU
		Release|Any CPU = Release|Any CPU
	EndGlobalSection
	GlobalSection(ProjectConfigurationPlatforms) = postSolution
		{1FA0E5F0-3F7C-4711-99C8-61F9E90AB77F}.Debug|Any CPU.ActiveCfg = Debug|Any CPU
		{1FA0E5F0-3F7C-4711-99C8-61F9E90AB77F}.Debug|Any CPU.Build.0 = Debug|Any CPU
		{1FA0E5F0-3F7C-4711-99C8-61F9E90AB77F}.Release|Any CPU.ActiveCfg = Release|Any CPU
		{1FA0E5F0-3F7C-4711-99C8-61F9E90AB77F}.Release|Any CPU.Build.0 = Release|Any CPU
	EndGlobalSection
	GlobalSection(SolutionProperties) = preSolution
		HideSolutionNode = FALSE
	EndGlobalSection
	GlobalSection(ExtensibilityGlobals) = postSolution
		SolutionGuid = {57573DA8-1684-4486-9559-B0FAC1D53FDE}
	EndGlobalSection
EndGlobal
