
Microsoft Visual Studio Solution File, Format Version 12.00
# Visual Studio Version 16
VisualStudioVersion = 16.0.31005.135
MinimumVisualStudioVersion = 10.0.40219.1
Project("{FAE04EC0-301F-11D3-BF4B-00C04F79EFBC}") = "5.ejercicio2POO", "5.ejercicio2POO\5.ejercicio2POO.csproj", "{C66A12BF-139F-4C0E-AAEB-03339CCDF66C}"
EndProject
Global
	GlobalSection(SolutionConfigurationPlatforms) = preSolution
		Debug|Any CPU = Debug|Any CPU
		Release|Any CPU = Release|Any CPU
	EndGlobalSection
	GlobalSection(ProjectConfigurationPlatforms) = postSolution
		{C66A12BF-139F-4C0E-AAEB-03339CCDF66C}.Debug|Any CPU.ActiveCfg = Debug|Any CPU
		{C66A12BF-139F-4C0E-AAEB-03339CCDF66C}.Debug|Any CPU.Build.0 = Debug|Any CPU
		{C66A12BF-139F-4C0E-AAEB-03339CCDF66C}.Release|Any CPU.ActiveCfg = Release|Any CPU
		{C66A12BF-139F-4C0E-AAEB-03339CCDF66C}.Release|Any CPU.Build.0 = Release|Any CPU
	EndGlobalSection
	GlobalSection(SolutionProperties) = preSolution
		HideSolutionNode = FALSE
	EndGlobalSection
	GlobalSection(ExtensibilityGlobals) = postSolution
		SolutionGuid = {5249177E-C423-4814-BC9D-D3CA711DDA6D}
	EndGlobalSection
EndGlobal
