
Microsoft Visual Studio Solution File, Format Version 12.00
# Visual Studio Version 16
VisualStudioVersion = 16.0.31005.135
MinimumVisualStudioVersion = 10.0.40219.1
Project("{FAE04EC0-301F-11D3-BF4B-00C04F79EFBC}") = "52.ejercicio3POO", "52.ejercicio3POO\52.ejercicio3POO.csproj", "{38A8E7B6-B67A-4CA0-BF66-8F1783E52CC5}"
EndProject
Global
	GlobalSection(SolutionConfigurationPlatforms) = preSolution
		Debug|Any CPU = Debug|Any CPU
		Release|Any CPU = Release|Any CPU
	EndGlobalSection
	GlobalSection(ProjectConfigurationPlatforms) = postSolution
		{38A8E7B6-B67A-4CA0-BF66-8F1783E52CC5}.Debug|Any CPU.ActiveCfg = Debug|Any CPU
		{38A8E7B6-B67A-4CA0-BF66-8F1783E52CC5}.Debug|Any CPU.Build.0 = Debug|Any CPU
		{38A8E7B6-B67A-4CA0-BF66-8F1783E52CC5}.Release|Any CPU.ActiveCfg = Release|Any CPU
		{38A8E7B6-B67A-4CA0-BF66-8F1783E52CC5}.Release|Any CPU.Build.0 = Release|Any CPU
	EndGlobalSection
	GlobalSection(SolutionProperties) = preSolution
		HideSolutionNode = FALSE
	EndGlobalSection
	GlobalSection(ExtensibilityGlobals) = postSolution
		SolutionGuid = {C891095D-0176-49B8-873E-2417AD21F077}
	EndGlobalSection
EndGlobal
