
Microsoft Visual Studio Solution File, Format Version 12.00
# Visual Studio Version 16
VisualStudioVersion = 16.0.31005.135
MinimumVisualStudioVersion = 10.0.40219.1
Project("{FAE04EC0-301F-11D3-BF4B-00C04F79EFBC}") = "50.ejercicio1POO", "50.ejercicio1POO\50.ejercicio1POO.csproj", "{C2092D2B-CA65-45CF-91E1-AA4002BB9459}"
EndProject
Global
	GlobalSection(SolutionConfigurationPlatforms) = preSolution
		Debug|Any CPU = Debug|Any CPU
		Release|Any CPU = Release|Any CPU
	EndGlobalSection
	GlobalSection(ProjectConfigurationPlatforms) = postSolution
		{C2092D2B-CA65-45CF-91E1-AA4002BB9459}.Debug|Any CPU.ActiveCfg = Debug|Any CPU
		{C2092D2B-CA65-45CF-91E1-AA4002BB9459}.Debug|Any CPU.Build.0 = Debug|Any CPU
		{C2092D2B-CA65-45CF-91E1-AA4002BB9459}.Release|Any CPU.ActiveCfg = Release|Any CPU
		{C2092D2B-CA65-45CF-91E1-AA4002BB9459}.Release|Any CPU.Build.0 = Release|Any CPU
	EndGlobalSection
	GlobalSection(SolutionProperties) = preSolution
		HideSolutionNode = FALSE
	EndGlobalSection
	GlobalSection(ExtensibilityGlobals) = postSolution
		SolutionGuid = {844D50CE-F9EF-42A7-A4E3-2E3B1B1215ED}
	EndGlobalSection
EndGlobal
