
Microsoft Visual Studio Solution File, Format Version 12.00
# Visual Studio Version 16
VisualStudioVersion = 16.0.30804.86
MinimumVisualStudioVersion = 10.0.40219.1
Project("{FAE04EC0-301F-11D3-BF4B-00C04F79EFBC}") = "39.indexof,find y findall", "39.indexof,find y findall\39.indexof,find y findall.csproj", "{6854C6CB-FD6D-4715-952F-2C704A7F8847}"
EndProject
Global
	GlobalSection(SolutionConfigurationPlatforms) = preSolution
		Debug|Any CPU = Debug|Any CPU
		Release|Any CPU = Release|Any CPU
	EndGlobalSection
	GlobalSection(ProjectConfigurationPlatforms) = postSolution
		{6854C6CB-FD6D-4715-952F-2C704A7F8847}.Debug|Any CPU.ActiveCfg = Debug|Any CPU
		{6854C6CB-FD6D-4715-952F-2C704A7F8847}.Debug|Any CPU.Build.0 = Debug|Any CPU
		{6854C6CB-FD6D-4715-952F-2C704A7F8847}.Release|Any CPU.ActiveCfg = Release|Any CPU
		{6854C6CB-FD6D-4715-952F-2C704A7F8847}.Release|Any CPU.Build.0 = Release|Any CPU
	EndGlobalSection
	GlobalSection(SolutionProperties) = preSolution
		HideSolutionNode = FALSE
	EndGlobalSection
	GlobalSection(ExtensibilityGlobals) = postSolution
		SolutionGuid = {9A52C010-7B48-48E0-A092-C789C4430246}
	EndGlobalSection
EndGlobal
