
Microsoft Visual Studio Solution File, Format Version 12.00
# Visual Studio Version 16
VisualStudioVersion = 16.0.30804.86
MinimumVisualStudioVersion = 10.0.40219.1
Project("{FAE04EC0-301F-11D3-BF4B-00C04F79EFBC}") = "37.MetodosNumeros", "37.MetodosNumeros\37.MetodosNumeros.csproj", "{F22A760E-C457-451D-B5C5-415C494ECA50}"
EndProject
Global
	GlobalSection(SolutionConfigurationPlatforms) = preSolution
		Debug|Any CPU = Debug|Any CPU
		Release|Any CPU = Release|Any CPU
	EndGlobalSection
	GlobalSection(ProjectConfigurationPlatforms) = postSolution
		{F22A760E-C457-451D-B5C5-415C494ECA50}.Debug|Any CPU.ActiveCfg = Debug|Any CPU
		{F22A760E-C457-451D-B5C5-415C494ECA50}.Debug|Any CPU.Build.0 = Debug|Any CPU
		{F22A760E-C457-451D-B5C5-415C494ECA50}.Release|Any CPU.ActiveCfg = Release|Any CPU
		{F22A760E-C457-451D-B5C5-415C494ECA50}.Release|Any CPU.Build.0 = Release|Any CPU
	EndGlobalSection
	GlobalSection(SolutionProperties) = preSolution
		HideSolutionNode = FALSE
	EndGlobalSection
	GlobalSection(ExtensibilityGlobals) = postSolution
		SolutionGuid = {E40A768F-21F0-4C14-A998-7B28F38BBB10}
	EndGlobalSection
EndGlobal
