
Microsoft Visual Studio Solution File, Format Version 12.00
# Visual Studio Version 16
VisualStudioVersion = 16.0.30717.126
MinimumVisualStudioVersion = 10.0.40219.1
Project("{FAE04EC0-301F-11D3-BF4B-00C04F79EFBC}") = "21.TablaMultiplicar", "21.TablaMultiplicar\21.TablaMultiplicar.csproj", "{2DF69883-7767-4D38-9998-A27107214C52}"
EndProject
Global
	GlobalSection(SolutionConfigurationPlatforms) = preSolution
		Debug|Any CPU = Debug|Any CPU
		Release|Any CPU = Release|Any CPU
	EndGlobalSection
	GlobalSection(ProjectConfigurationPlatforms) = postSolution
		{2DF69883-7767-4D38-9998-A27107214C52}.Debug|Any CPU.ActiveCfg = Debug|Any CPU
		{2DF69883-7767-4D38-9998-A27107214C52}.Debug|Any CPU.Build.0 = Debug|Any CPU
		{2DF69883-7767-4D38-9998-A27107214C52}.Release|Any CPU.ActiveCfg = Release|Any CPU
		{2DF69883-7767-4D38-9998-A27107214C52}.Release|Any CPU.Build.0 = Release|Any CPU
	EndGlobalSection
	GlobalSection(SolutionProperties) = preSolution
		HideSolutionNode = FALSE
	EndGlobalSection
	GlobalSection(ExtensibilityGlobals) = postSolution
		SolutionGuid = {83EEFFE5-E1F9-42DC-A990-E6F3A787A2D1}
	EndGlobalSection
EndGlobal
