
Microsoft Visual Studio Solution File, Format Version 12.00
# Visual Studio Version 16
VisualStudioVersion = 16.0.30717.126
MinimumVisualStudioVersion = 10.0.40219.1
Project("{FAE04EC0-301F-11D3-BF4B-00C04F79EFBC}") = "20.For", "20.For\20.For.csproj", "{2DF6BEFB-78B6-47DD-9F0E-B8B8653BAEE2}"
EndProject
Global
	GlobalSection(SolutionConfigurationPlatforms) = preSolution
		Debug|Any CPU = Debug|Any CPU
		Release|Any CPU = Release|Any CPU
	EndGlobalSection
	GlobalSection(ProjectConfigurationPlatforms) = postSolution
		{2DF6BEFB-78B6-47DD-9F0E-B8B8653BAEE2}.Debug|Any CPU.ActiveCfg = Debug|Any CPU
		{2DF6BEFB-78B6-47DD-9F0E-B8B8653BAEE2}.Debug|Any CPU.Build.0 = Debug|Any CPU
		{2DF6BEFB-78B6-47DD-9F0E-B8B8653BAEE2}.Release|Any CPU.ActiveCfg = Release|Any CPU
		{2DF6BEFB-78B6-47DD-9F0E-B8B8653BAEE2}.Release|Any CPU.Build.0 = Release|Any CPU
	EndGlobalSection
	GlobalSection(SolutionProperties) = preSolution
		HideSolutionNode = FALSE
	EndGlobalSection
	GlobalSection(ExtensibilityGlobals) = postSolution
		SolutionGuid = {A65C9FA4-6A51-4F6C-98E2-05E51B3AE541}
	EndGlobalSection
EndGlobal
