
Microsoft Visual Studio Solution File, Format Version 12.00
# Visual Studio Version 16
VisualStudioVersion = 16.0.30717.126
MinimumVisualStudioVersion = 10.0.40219.1
Project("{FAE04EC0-301F-11D3-BF4B-00C04F79EFBC}") = "5.EjercicioSuma", "5.EjercicioSuma\5.EjercicioSuma.csproj", "{0D0063F1-9822-456A-8B10-65418FD64CEF}"
EndProject
Global
	GlobalSection(SolutionConfigurationPlatforms) = preSolution
		Debug|Any CPU = Debug|Any CPU
		Release|Any CPU = Release|Any CPU
	EndGlobalSection
	GlobalSection(ProjectConfigurationPlatforms) = postSolution
		{0D0063F1-9822-456A-8B10-65418FD64CEF}.Debug|Any CPU.ActiveCfg = Debug|Any CPU
		{0D0063F1-9822-456A-8B10-65418FD64CEF}.Debug|Any CPU.Build.0 = Debug|Any CPU
		{0D0063F1-9822-456A-8B10-65418FD64CEF}.Release|Any CPU.ActiveCfg = Release|Any CPU
		{0D0063F1-9822-456A-8B10-65418FD64CEF}.Release|Any CPU.Build.0 = Release|Any CPU
	EndGlobalSection
	GlobalSection(SolutionProperties) = preSolution
		HideSolutionNode = FALSE
	EndGlobalSection
	GlobalSection(ExtensibilityGlobals) = postSolution
		SolutionGuid = {B3860630-6F5E-45DB-8A52-C71A2930B7F4}
	EndGlobalSection
EndGlobal
